// !$*UTF8*$!
{
	archiveVersion = 1;
	classes = {
	};
	objectVersion = 50;
	objects = {

/* Begin PBXBuildFile section */
		0E1E6AF0B02A35ABC7F388D6 /* Pods_CITest__iOS_.framework in Frameworks */ = {isa = PBXBuildFile; fileRef = CD843577EFAF74EB9645B7DD /* Pods_CITest__iOS_.framework */; };
		C594E05525B868F80035BFEF /* Tests_iOS.swift in Sources */ = {isa = PBXBuildFile; fileRef = C594E05425B868F80035BFEF /* Tests_iOS.swift */; };
		C594E06025B868F80035BFEF /* Tests_macOS.swift in Sources */ = {isa = PBXBuildFile; fileRef = C594E05F25B868F80035BFEF /* Tests_macOS.swift */; };
		C594E06225B868F80035BFEF /* CITestApp.swift in Sources */ = {isa = PBXBuildFile; fileRef = C594E03925B868F70035BFEF /* CITestApp.swift */; };
		C594E06325B868F80035BFEF /* CITestApp.swift in Sources */ = {isa = PBXBuildFile; fileRef = C594E03925B868F70035BFEF /* CITestApp.swift */; };
		C594E06425B868F80035BFEF /* ContentView.swift in Sources */ = {isa = PBXBuildFile; fileRef = C594E03A25B868F70035BFEF /* ContentView.swift */; };
		C594E06525B868F80035BFEF /* ContentView.swift in Sources */ = {isa = PBXBuildFile; fileRef = C594E03A25B868F70035BFEF /* ContentView.swift */; };
		C594E06625B868F80035BFEF /* Assets.xcassets in Resources */ = {isa = PBXBuildFile; fileRef = C594E03B25B868F80035BFEF /* Assets.xcassets */; };
		C594E06725B868F80035BFEF /* Assets.xcassets in Resources */ = {isa = PBXBuildFile; fileRef = C594E03B25B868F80035BFEF /* Assets.xcassets */; };
		EAA1A188E3A8EEA01F62BAAE /* Pods_CITest__macOS_.framework in Frameworks */ = {isa = PBXBuildFile; fileRef = 3AF506671E196BB1D5FE72E4 /* Pods_CITest__macOS_.framework */; };
/* End PBXBuildFile section */

/* Begin PBXContainerItemProxy section */
		C594E05125B868F80035BFEF /* PBXContainerItemProxy */ = {
			isa = PBXContainerItemProxy;
			containerPortal = C594E03425B868F60035BFEF /* Project object */;
			proxyType = 1;
			remoteGlobalIDString = C594E03F25B868F80035BFEF;
			remoteInfo = "CITest (iOS)";
		};
		C594E05C25B868F80035BFEF /* PBXContainerItemProxy */ = {
			isa = PBXContainerItemProxy;
			containerPortal = C594E03425B868F60035BFEF /* Project object */;
			proxyType = 1;
			remoteGlobalIDString = C594E04725B868F80035BFEF;
			remoteInfo = "CITest (macOS)";
		};
/* End PBXContainerItemProxy section */

/* Begin PBXFileReference section */
		3AF506671E196BB1D5FE72E4 /* Pods_CITest__macOS_.framework */ = {isa = PBXFileReference; explicitFileType = wrapper.framework; includeInIndex = 0; path = Pods_CITest__macOS_.framework; sourceTree = BUILT_PRODUCTS_DIR; };
		443DFD18880D1F16A7AF53F9 /* Pods-CITest (macOS).release.xcconfig */ = {isa = PBXFileReference; includeInIndex = 1; lastKnownFileType = text.xcconfig; name = "Pods-CITest (macOS).release.xcconfig"; path = "Target Support Files/Pods-CITest (macOS)/Pods-CITest (macOS).release.xcconfig"; sourceTree = "<group>"; };
		4DAF089C4174D51A36F5FA86 /* Pods-CITest (iOS).debug.xcconfig */ = {isa = PBXFileReference; includeInIndex = 1; lastKnownFileType = text.xcconfig; name = "Pods-CITest (iOS).debug.xcconfig"; path = "Target Support Files/Pods-CITest (iOS)/Pods-CITest (iOS).debug.xcconfig"; sourceTree = "<group>"; };
		9BB3553EA20C1EF37F6A7D73 /* Pods-CITest (macOS).debug.xcconfig */ = {isa = PBXFileReference; includeInIndex = 1; lastKnownFileType = text.xcconfig; name = "Pods-CITest (macOS).debug.xcconfig"; path = "Target Support Files/Pods-CITest (macOS)/Pods-CITest (macOS).debug.xcconfig"; sourceTree = "<group>"; };
		C4750864D44A0F2B2750D41F /* Pods-CITest (iOS).release.xcconfig */ = {isa = PBXFileReference; includeInIndex = 1; lastKnownFileType = text.xcconfig; name = "Pods-CITest (iOS).release.xcconfig"; path = "Target Support Files/Pods-CITest (iOS)/Pods-CITest (iOS).release.xcconfig"; sourceTree = "<group>"; };
		C594E03925B868F70035BFEF /* CITestApp.swift */ = {isa = PBXFileReference; lastKnownFileType = sourcecode.swift; path = CITestApp.swift; sourceTree = "<group>"; };
		C594E03A25B868F70035BFEF /* ContentView.swift */ = {isa = PBXFileReference; lastKnownFileType = sourcecode.swift; path = ContentView.swift; sourceTree = "<group>"; };
		C594E03B25B868F80035BFEF /* Assets.xcassets */ = {isa = PBXFileReference; lastKnownFileType = folder.assetcatalog; path = Assets.xcassets; sourceTree = "<group>"; };
		C594E04025B868F80035BFEF /* CITest.app */ = {isa = PBXFileReference; explicitFileType = wrapper.application; includeInIndex = 0; path = CITest.app; sourceTree = BUILT_PRODUCTS_DIR; };
		C594E04325B868F80035BFEF /* Info.plist */ = {isa = PBXFileReference; lastKnownFileType = text.plist.xml; path = Info.plist; sourceTree = "<group>"; };
		C594E04825B868F80035BFEF /* CITest.app */ = {isa = PBXFileReference; explicitFileType = wrapper.application; includeInIndex = 0; path = CITest.app; sourceTree = BUILT_PRODUCTS_DIR; };
		C594E04A25B868F80035BFEF /* Info.plist */ = {isa = PBXFileReference; lastKnownFileType = text.plist.xml; path = Info.plist; sourceTree = "<group>"; };
		C594E04B25B868F80035BFEF /* macOS.entitlements */ = {isa = PBXFileReference; lastKnownFileType = text.plist.entitlements; path = macOS.entitlements; sourceTree = "<group>"; };
		C594E05025B868F80035BFEF /* Tests iOS.xctest */ = {isa = PBXFileReference; explicitFileType = wrapper.cfbundle; includeInIndex = 0; path = "Tests iOS.xctest"; sourceTree = BUILT_PRODUCTS_DIR; };
		C594E05425B868F80035BFEF /* Tests_iOS.swift */ = {isa = PBXFileReference; lastKnownFileType = sourcecode.swift; path = Tests_iOS.swift; sourceTree = "<group>"; };
		C594E05625B868F80035BFEF /* Info.plist */ = {isa = PBXFileReference; lastKnownFileType = text.plist.xml; path = Info.plist; sourceTree = "<group>"; };
		C594E05B25B868F80035BFEF /* Tests macOS.xctest */ = {isa = PBXFileReference; explicitFileType = wrapper.cfbundle; includeInIndex = 0; path = "Tests macOS.xctest"; sourceTree = BUILT_PRODUCTS_DIR; };
		C594E05F25B868F80035BFEF /* Tests_macOS.swift */ = {isa = PBXFileReference; lastKnownFileType = sourcecode.swift; path = Tests_macOS.swift; sourceTree = "<group>"; };
		C594E06125B868F80035BFEF /* Info.plist */ = {isa = PBXFileReference; lastKnownFileType = text.plist.xml; path = Info.plist; sourceTree = "<group>"; };
		CD843577EFAF74EB9645B7DD /* Pods_CITest__iOS_.framework */ = {isa = PBXFileReference; explicitFileType = wrapper.framework; includeInIndex = 0; path = Pods_CITest__iOS_.framework; sourceTree = BUILT_PRODUCTS_DIR; };
/* End PBXFileReference section */

/* Begin PBXFrameworksBuildPhase section */
		C594E03D25B868F80035BFEF /* Frameworks */ = {
			isa = PBXFrameworksBuildPhase;
			buildActionMask = 2147483647;
			files = (
				0E1E6AF0B02A35ABC7F388D6 /* Pods_CITest__iOS_.framework in Frameworks */,
			);
			runOnlyForDeploymentPostprocessing = 0;
		};
		C594E04525B868F80035BFEF /* Frameworks */ = {
			isa = PBXFrameworksBuildPhase;
			buildActionMask = 2147483647;
			files = (
				EAA1A188E3A8EEA01F62BAAE /* Pods_CITest__macOS_.framework in Frameworks */,
			);
			runOnlyForDeploymentPostprocessing = 0;
		};
		C594E04D25B868F80035BFEF /* Frameworks */ = {
			isa = PBXFrameworksBuildPhase;
			buildActionMask = 2147483647;
			files = (
			);
			runOnlyForDeploymentPostprocessing = 0;
		};
		C594E05825B868F80035BFEF /* Frameworks */ = {
			isa = PBXFrameworksBuildPhase;
			buildActionMask = 2147483647;
			files = (
			);
			runOnlyForDeploymentPostprocessing = 0;
		};
/* End PBXFrameworksBuildPhase section */

/* Begin PBXGroup section */
		2E5A380EAF43C8C647631CC4 /* Pods */ = {
			isa = PBXGroup;
			children = (
				4DAF089C4174D51A36F5FA86 /* Pods-CITest (iOS).debug.xcconfig */,
				C4750864D44A0F2B2750D41F /* Pods-CITest (iOS).release.xcconfig */,
				9BB3553EA20C1EF37F6A7D73 /* Pods-CITest (macOS).debug.xcconfig */,
				443DFD18880D1F16A7AF53F9 /* Pods-CITest (macOS).release.xcconfig */,
			);
			name = Pods;
			path = Pods;
			sourceTree = "<group>";
		};
		375D8446FC3C1B138D0243DE /* Frameworks */ = {
			isa = PBXGroup;
			children = (
				CD843577EFAF74EB9645B7DD /* Pods_CITest__iOS_.framework */,
				3AF506671E196BB1D5FE72E4 /* Pods_CITest__macOS_.framework */,
			);
			name = Frameworks;
			sourceTree = "<group>";
		};
		C594E03325B868F60035BFEF = {
			isa = PBXGroup;
			children = (
				C594E03825B868F70035BFEF /* Shared */,
				C594E04225B868F80035BFEF /* iOS */,
				C594E04925B868F80035BFEF /* macOS */,
				C594E05325B868F80035BFEF /* Tests iOS */,
				C594E05E25B868F80035BFEF /* Tests macOS */,
				C594E04125B868F80035BFEF /* Products */,
				2E5A380EAF43C8C647631CC4 /* Pods */,
				375D8446FC3C1B138D0243DE /* Frameworks */,
			);
			sourceTree = "<group>";
		};
		C594E03825B868F70035BFEF /* Shared */ = {
			isa = PBXGroup;
			children = (
				C594E03925B868F70035BFEF /* CITestApp.swift */,
				C594E03A25B868F70035BFEF /* ContentView.swift */,
				C594E03B25B868F80035BFEF /* Assets.xcassets */,
			);
			path = Shared;
			sourceTree = "<group>";
		};
		C594E04125B868F80035BFEF /* Products */ = {
			isa = PBXGroup;
			children = (
				C594E04025B868F80035BFEF /* CITest.app */,
				C594E04825B868F80035BFEF /* CITest.app */,
				C594E05025B868F80035BFEF /* Tests iOS.xctest */,
				C594E05B25B868F80035BFEF /* Tests macOS.xctest */,
			);
			name = Products;
			sourceTree = "<group>";
		};
		C594E04225B868F80035BFEF /* iOS */ = {
			isa = PBXGroup;
			children = (
				C594E04325B868F80035BFEF /* Info.plist */,
			);
			path = iOS;
			sourceTree = "<group>";
		};
		C594E04925B868F80035BFEF /* macOS */ = {
			isa = PBXGroup;
			children = (
				C594E04A25B868F80035BFEF /* Info.plist */,
				C594E04B25B868F80035BFEF /* macOS.entitlements */,
			);
			path = macOS;
			sourceTree = "<group>";
		};
		C594E05325B868F80035BFEF /* Tests iOS */ = {
			isa = PBXGroup;
			children = (
				C594E05425B868F80035BFEF /* Tests_iOS.swift */,
				C594E05625B868F80035BFEF /* Info.plist */,
			);
			path = "Tests iOS";
			sourceTree = "<group>";
		};
		C594E05E25B868F80035BFEF /* Tests macOS */ = {
			isa = PBXGroup;
			children = (
				C594E05F25B868F80035BFEF /* Tests_macOS.swift */,
				C594E06125B868F80035BFEF /* Info.plist */,
			);
			path = "Tests macOS";
			sourceTree = "<group>";
		};
/* End PBXGroup section */

/* Begin PBXNativeTarget section */
		C594E03F25B868F80035BFEF /* CITest (iOS) */ = {
			isa = PBXNativeTarget;
			buildConfigurationList = C594E06A25B868F80035BFEF /* Build configuration list for PBXNativeTarget "CITest (iOS)" */;
			buildPhases = (
				51A7B009617BFB3CCE941539 /* [CP] Check Pods Manifest.lock */,
				C594E03C25B868F80035BFEF /* Sources */,
				C594E03D25B868F80035BFEF /* Frameworks */,
				C594E03E25B868F80035BFEF /* Resources */,
				367D8084404757220C2B59F2 /* [CP] Embed Pods Frameworks */,
			);
			buildRules = (
			);
			dependencies = (
			);
			name = "CITest (iOS)";
			productName = "CITest (iOS)";
			productReference = C594E04025B868F80035BFEF /* CITest.app */;
			productType = "com.apple.product-type.application";
		};
		C594E04725B868F80035BFEF /* CITest (macOS) */ = {
			isa = PBXNativeTarget;
			buildConfigurationList = C594E06D25B868F80035BFEF /* Build configuration list for PBXNativeTarget "CITest (macOS)" */;
			buildPhases = (
				D46F6A4BCB2FB2EFB8CD507F /* [CP] Check Pods Manifest.lock */,
				C594E04425B868F80035BFEF /* Sources */,
				C594E04525B868F80035BFEF /* Frameworks */,
				C594E04625B868F80035BFEF /* Resources */,
			);
			buildRules = (
			);
			dependencies = (
			);
			name = "CITest (macOS)";
			productName = "CITest (macOS)";
			productReference = C594E04825B868F80035BFEF /* CITest.app */;
			productType = "com.apple.product-type.application";
		};
		C594E04F25B868F80035BFEF /* Tests iOS */ = {
			isa = PBXNativeTarget;
			buildConfigurationList = C594E07025B868F80035BFEF /* Build configuration list for PBXNativeTarget "Tests iOS" */;
			buildPhases = (
				C594E04C25B868F80035BFEF /* Sources */,
				C594E04D25B868F80035BFEF /* Frameworks */,
				C594E04E25B868F80035BFEF /* Resources */,
			);
			buildRules = (
			);
			dependencies = (
				C594E05225B868F80035BFEF /* PBXTargetDependency */,
			);
			name = "Tests iOS";
			productName = "Tests iOS";
			productReference = C594E05025B868F80035BFEF /* Tests iOS.xctest */;
			productType = "com.apple.product-type.bundle.ui-testing";
		};
		C594E05A25B868F80035BFEF /* Tests macOS */ = {
			isa = PBXNativeTarget;
			buildConfigurationList = C594E07325B868F80035BFEF /* Build configuration list for PBXNativeTarget "Tests macOS" */;
			buildPhases = (
				C594E05725B868F80035BFEF /* Sources */,
				C594E05825B868F80035BFEF /* Frameworks */,
				C594E05925B868F80035BFEF /* Resources */,
			);
			buildRules = (
			);
			dependencies = (
				C594E05D25B868F80035BFEF /* PBXTargetDependency */,
			);
			name = "Tests macOS";
			productName = "Tests macOS";
			productReference = C594E05B25B868F80035BFEF /* Tests macOS.xctest */;
			productType = "com.apple.product-type.bundle.ui-testing";
		};
/* End PBXNativeTarget section */

/* Begin PBXProject section */
		C594E03425B868F60035BFEF /* Project object */ = {
			isa = PBXProject;
			attributes = {
				LastSwiftUpdateCheck = 1230;
				LastUpgradeCheck = 1230;
				TargetAttributes = {
					C594E03F25B868F80035BFEF = {
						CreatedOnToolsVersion = 12.3;
					};
					C594E04725B868F80035BFEF = {
						CreatedOnToolsVersion = 12.3;
					};
					C594E04F25B868F80035BFEF = {
						CreatedOnToolsVersion = 12.3;
						TestTargetID = C594E03F25B868F80035BFEF;
					};
					C594E05A25B868F80035BFEF = {
						CreatedOnToolsVersion = 12.3;
						TestTargetID = C594E04725B868F80035BFEF;
					};
				};
			};
			buildConfigurationList = C594E03725B868F60035BFEF /* Build configuration list for PBXProject "CITest" */;
			compatibilityVersion = "Xcode 9.3";
			developmentRegion = en;
			hasScannedForEncodings = 0;
			knownRegions = (
				en,
				Base,
			);
			mainGroup = C594E03325B868F60035BFEF;
			productRefGroup = C594E04125B868F80035BFEF /* Products */;
			projectDirPath = "";
			projectRoot = "";
			targets = (
				C594E03F25B868F80035BFEF /* CITest (iOS) */,
				C594E04725B868F80035BFEF /* CITest (macOS) */,
				C594E04F25B868F80035BFEF /* Tests iOS */,
				C594E05A25B868F80035BFEF /* Tests macOS */,
			);
		};
/* End PBXProject section */

/* Begin PBXResourcesBuildPhase section */
		C594E03E25B868F80035BFEF /* Resources */ = {
			isa = PBXResourcesBuildPhase;
			buildActionMask = 2147483647;
			files = (
				C594E06625B868F80035BFEF /* Assets.xcassets in Resources */,
			);
			runOnlyForDeploymentPostprocessing = 0;
		};
		C594E04625B868F80035BFEF /* Resources */ = {
			isa = PBXResourcesBuildPhase;
			buildActionMask = 2147483647;
			files = (
				C594E06725B868F80035BFEF /* Assets.xcassets in Resources */,
			);
			runOnlyForDeploymentPostprocessing = 0;
		};
		C594E04E25B868F80035BFEF /* Resources */ = {
			isa = PBXResourcesBuildPhase;
			buildActionMask = 2147483647;
			files = (
			);
			runOnlyForDeploymentPostprocessing = 0;
		};
		C594E05925B868F80035BFEF /* Resources */ = {
			isa = PBXResourcesBuildPhase;
			buildActionMask = 2147483647;
			files = (
			);
			runOnlyForDeploymentPostprocessing = 0;
		};
/* End PBXResourcesBuildPhase section */

/* Begin PBXShellScriptBuildPhase section */
		367D8084404757220C2B59F2 /* [CP] Embed Pods Frameworks */ = {
			isa = PBXShellScriptBuildPhase;
			buildActionMask = 2147483647;
			files = (
			);
			inputFileListPaths = (
				"${PODS_ROOT}/Target Support Files/Pods-CITest (iOS)/Pods-CITest (iOS)-frameworks-${CONFIGURATION}-input-files.xcfilelist",
			);
			name = "[CP] Embed Pods Frameworks";
			outputFileListPaths = (
				"${PODS_ROOT}/Target Support Files/Pods-CITest (iOS)/Pods-CITest (iOS)-frameworks-${CONFIGURATION}-output-files.xcfilelist",
			);
			runOnlyForDeploymentPostprocessing = 0;
			shellPath = /bin/sh;
			shellScript = "\"${PODS_ROOT}/Target Support Files/Pods-CITest (iOS)/Pods-CITest (iOS)-frameworks.sh\"\n";
			showEnvVarsInLog = 0;
		};
		51A7B009617BFB3CCE941539 /* [CP] Check Pods Manifest.lock */ = {
			isa = PBXShellScriptBuildPhase;
			buildActionMask = 2147483647;
			files = (
			);
			inputFileListPaths = (
			);
			inputPaths = (
				"${PODS_PODFILE_DIR_PATH}/Podfile.lock",
				"${PODS_ROOT}/Manifest.lock",
			);
			name = "[CP] Check Pods Manifest.lock";
			outputFileListPaths = (
			);
			outputPaths = (
				"$(DERIVED_FILE_DIR)/Pods-CITest (iOS)-checkManifestLockResult.txt",
			);
			runOnlyForDeploymentPostprocessing = 0;
			shellPath = /bin/sh;
			shellScript = "diff \"${PODS_PODFILE_DIR_PATH}/Podfile.lock\" \"${PODS_ROOT}/Manifest.lock\" > /dev/null\nif [ $? != 0 ] ; then\n    # print error to STDERR\n    echo \"error: The sandbox is not in sync with the Podfile.lock. Run 'pod install' or update your CocoaPods installation.\" >&2\n    exit 1\nfi\n# This output is used by Xcode 'outputs' to avoid re-running this script phase.\necho \"SUCCESS\" > \"${SCRIPT_OUTPUT_FILE_0}\"\n";
			showEnvVarsInLog = 0;
		};
		D46F6A4BCB2FB2EFB8CD507F /* [CP] Check Pods Manifest.lock */ = {
			isa = PBXShellScriptBuildPhase;
			buildActionMask = 2147483647;
			files = (
			);
			inputFileListPaths = (
			);
			inputPaths = (
				"${PODS_PODFILE_DIR_PATH}/Podfile.lock",
				"${PODS_ROOT}/Manifest.lock",
			);
			name = "[CP] Check Pods Manifest.lock";
			outputFileListPaths = (
			);
			outputPaths = (
				"$(DERIVED_FILE_DIR)/Pods-CITest (macOS)-checkManifestLockResult.txt",
			);
			runOnlyForDeploymentPostprocessing = 0;
			shellPath = /bin/sh;
			shellScript = "diff \"${PODS_PODFILE_DIR_PATH}/Podfile.lock\" \"${PODS_ROOT}/Manifest.lock\" > /dev/null\nif [ $? != 0 ] ; then\n    # print error to STDERR\n    echo \"error: The sandbox is not in sync with the Podfile.lock. Run 'pod install' or update your CocoaPods installation.\" >&2\n    exit 1\nfi\n# This output is used by Xcode 'outputs' to avoid re-running this script phase.\necho \"SUCCESS\" > \"${SCRIPT_OUTPUT_FILE_0}\"\n";
			showEnvVarsInLog = 0;
		};
/* End PBXShellScriptBuildPhase section */

/* Begin PBXSourcesBuildPhase section */
		C594E03C25B868F80035BFEF /* Sources */ = {
			isa = PBXSourcesBuildPhase;
			buildActionMask = 2147483647;
			files = (
				C594E06425B868F80035BFEF /* ContentView.swift in Sources */,
				C594E06225B868F80035BFEF /* CITestApp.swift in Sources */,
			);
			runOnlyForDeploymentPostprocessing = 0;
		};
		C594E04425B868F80035BFEF /* Sources */ = {
			isa = PBXSourcesBuildPhase;
			buildActionMask = 2147483647;
			files = (
				C594E06525B868F80035BFEF /* ContentView.swift in Sources */,
				C594E06325B868F80035BFEF /* CITestApp.swift in Sources */,
			);
			runOnlyForDeploymentPostprocessing = 0;
		};
		C594E04C25B868F80035BFEF /* Sources */ = {
			isa = PBXSourcesBuildPhase;
			buildActionMask = 2147483647;
			files = (
				C594E05525B868F80035BFEF /* Tests_iOS.swift in Sources */,
			);
			runOnlyForDeploymentPostprocessing = 0;
		};
		C594E05725B868F80035BFEF /* Sources */ = {
			isa = PBXSourcesBuildPhase;
			buildActionMask = 2147483647;
			files = (
				C594E06025B868F80035BFEF /* Tests_macOS.swift in Sources */,
			);
			runOnlyForDeploymentPostprocessing = 0;
		};
/* End PBXSourcesBuildPhase section */

/* Begin PBXTargetDependency section */
		C594E05225B868F80035BFEF /* PBXTargetDependency */ = {
			isa = PBXTargetDependency;
			target = C594E03F25B868F80035BFEF /* CITest (iOS) */;
			targetProxy = C594E05125B868F80035BFEF /* PBXContainerItemProxy */;
		};
		C594E05D25B868F80035BFEF /* PBXTargetDependency */ = {
			isa = PBXTargetDependency;
			target = C594E04725B868F80035BFEF /* CITest (macOS) */;
			targetProxy = C594E05C25B868F80035BFEF /* PBXContainerItemProxy */;
		};
/* End PBXTargetDependency section */

/* Begin XCBuildConfiguration section */
		C594E06825B868F80035BFEF /* Debug */ = {
			isa = XCBuildConfiguration;
			buildSettings = {
				ALWAYS_SEARCH_USER_PATHS = NO;
				CLANG_ANALYZER_NONNULL = YES;
				CLANG_ANALYZER_NUMBER_OBJECT_CONVERSION = YES_AGGRESSIVE;
				CLANG_CXX_LANGUAGE_STANDARD = "gnu++14";
				CLANG_CXX_LIBRARY = "libc++";
				CLANG_ENABLE_MODULES = YES;
				CLANG_ENABLE_OBJC_ARC = YES;
				CLANG_ENABLE_OBJC_WEAK = YES;
				CLANG_WARN_BLOCK_CAPTURE_AUTORELEASING = YES;
				CLANG_WARN_BOOL_CONVERSION = YES;
				CLANG_WARN_COMMA = YES;
				CLANG_WARN_CONSTANT_CONVERSION = YES;
				CLANG_WARN_DEPRECATED_OBJC_IMPLEMENTATIONS = YES;
				CLANG_WARN_DIRECT_OBJC_ISA_USAGE = YES_ERROR;
				CLANG_WARN_DOCUMENTATION_COMMENTS = YES;
				CLANG_WARN_EMPTY_BODY = YES;
				CLANG_WARN_ENUM_CONVERSION = YES;
				CLANG_WARN_INFINITE_RECURSION = YES;
				CLANG_WARN_INT_CONVERSION = YES;
				CLANG_WARN_NON_LITERAL_NULL_CONVERSION = YES;
				CLANG_WARN_OBJC_IMPLICIT_RETAIN_SELF = YES;
				CLANG_WARN_OBJC_LITERAL_CONVERSION = YES;
				CLANG_WARN_OBJC_ROOT_CLASS = YES_ERROR;
				CLANG_WARN_QUOTED_INCLUDE_IN_FRAMEWORK_HEADER = YES;
				CLANG_WARN_RANGE_LOOP_ANALYSIS = YES;
				CLANG_WARN_STRICT_PROTOTYPES = YES;
				CLANG_WARN_SUSPICIOUS_MOVE = YES;
				CLANG_WARN_UNGUARDED_AVAILABILITY = YES_AGGRESSIVE;
				CLANG_WARN_UNREACHABLE_CODE = YES;
				CLANG_WARN__DUPLICATE_METHOD_MATCH = YES;
				COPY_PHASE_STRIP = NO;
				DEBUG_INFORMATION_FORMAT = dwarf;
				ENABLE_STRICT_OBJC_MSGSEND = YES;
				ENABLE_TESTABILITY = YES;
				GCC_C_LANGUAGE_STANDARD = gnu11;
				GCC_DYNAMIC_NO_PIC = NO;
				GCC_NO_COMMON_BLOCKS = YES;
				GCC_OPTIMIZATION_LEVEL = 0;
				GCC_PREPROCESSOR_DEFINITIONS = (
					"DEBUG=1",
					"$(inherited)",
				);
				GCC_WARN_64_TO_32_BIT_CONVERSION = YES;
				GCC_WARN_ABOUT_RETURN_TYPE = YES_ERROR;
				GCC_WARN_UNDECLARED_SELECTOR = YES;
				GCC_WARN_UNINITIALIZED_AUTOS = YES_AGGRESSIVE;
				GCC_WARN_UNUSED_FUNCTION = YES;
				GCC_WARN_UNUSED_VARIABLE = YES;
				MTL_ENABLE_DEBUG_INFO = INCLUDE_SOURCE;
				MTL_FAST_MATH = YES;
				ONLY_ACTIVE_ARCH = YES;
				SWIFT_ACTIVE_COMPILATION_CONDITIONS = DEBUG;
				SWIFT_OPTIMIZATION_LEVEL = "-Onone";
			};
			name = Debug;
		};
		C594E06925B868F80035BFEF /* Release */ = {
			isa = XCBuildConfiguration;
			buildSettings = {
				ALWAYS_SEARCH_USER_PATHS = NO;
				CLANG_ANALYZER_NONNULL = YES;
				CLANG_ANALYZER_NUMBER_OBJECT_CONVERSION = YES_AGGRESSIVE;
				CLANG_CXX_LANGUAGE_STANDARD = "gnu++14";
				CLANG_CXX_LIBRARY = "libc++";
				CLANG_ENABLE_MODULES = YES;
				CLANG_ENABLE_OBJC_ARC = YES;
				CLANG_ENABLE_OBJC_WEAK = YES;
				CLANG_WARN_BLOCK_CAPTURE_AUTORELEASING = YES;
				CLANG_WARN_BOOL_CONVERSION = YES;
				CLANG_WARN_COMMA = YES;
				CLANG_WARN_CONSTANT_CONVERSION = YES;
				CLANG_WARN_DEPRECATED_OBJC_IMPLEMENTATIONS = YES;
				CLANG_WARN_DIRECT_OBJC_ISA_USAGE = YES_ERROR;
				CLANG_WARN_DOCUMENTATION_COMMENTS = YES;
				CLANG_WARN_EMPTY_BODY = YES;
				CLANG_WARN_ENUM_CONVERSION = YES;
				CLANG_WARN_INFINITE_RECURSION = YES;
				CLANG_WARN_INT_CONVERSION = YES;
				CLANG_WARN_NON_LITERAL_NULL_CONVERSION = YES;
				CLANG_WARN_OBJC_IMPLICIT_RETAIN_SELF = YES;
				CLANG_WARN_OBJC_LITERAL_CONVERSION = YES;
				CLANG_WARN_OBJC_ROOT_CLASS = YES_ERROR;
				CLANG_WARN_QUOTED_INCLUDE_IN_FRAMEWORK_HEADER = YES;
				CLANG_WARN_RANGE_LOOP_ANALYSIS = YES;
				CLANG_WARN_STRICT_PROTOTYPES = YES;
				CLANG_WARN_SUSPICIOUS_MOVE = YES;
				CLANG_WARN_UNGUARDED_AVAILABILITY = YES_AGGRESSIVE;
				CLANG_WARN_UNREACHABLE_CODE = YES;
				CLANG_WARN__DUPLICATE_METHOD_MATCH = YES;
				COPY_PHASE_STRIP = NO;
				DEBUG_INFORMATION_FORMAT = "dwarf-with-dsym";
				ENABLE_NS_ASSERTIONS = NO;
				ENABLE_STRICT_OBJC_MSGSEND = YES;
				GCC_C_LANGUAGE_STANDARD = gnu11;
				GCC_NO_COMMON_BLOCKS = YES;
				GCC_WARN_64_TO_32_BIT_CONVERSION = YES;
				GCC_WARN_ABOUT_RETURN_TYPE = YES_ERROR;
				GCC_WARN_UNDECLARED_SELECTOR = YES;
				GCC_WARN_UNINITIALIZED_AUTOS = YES_AGGRESSIVE;
				GCC_WARN_UNUSED_FUNCTION = YES;
				GCC_WARN_UNUSED_VARIABLE = YES;
				MTL_ENABLE_DEBUG_INFO = NO;
				MTL_FAST_MATH = YES;
				SWIFT_COMPILATION_MODE = wholemodule;
				SWIFT_OPTIMIZATION_LEVEL = "-O";
			};
			name = Release;
		};
		C594E06B25B868F80035BFEF /* Debug */ = {
			isa = XCBuildConfiguration;
			baseConfigurationReference = 4DAF089C4174D51A36F5FA86 /* Pods-CITest (iOS).debug.xcconfig */;
			buildSettings = {
				ASSETCATALOG_COMPILER_APPICON_NAME = AppIcon;
				ASSETCATALOG_COMPILER_GLOBAL_ACCENT_COLOR_NAME = AccentColor;
				CODE_SIGN_STYLE = Automatic;
				DEVELOPMENT_TEAM = W43QJ5WHKX;
				ENABLE_PREVIEWS = YES;
				INFOPLIST_FILE = iOS/Info.plist;
				IPHONEOS_DEPLOYMENT_TARGET = 14.0;
				LD_RUNPATH_SEARCH_PATHS = (
					"$(inherited)",
					"@executable_path/Frameworks",
				);
				PRODUCT_BUNDLE_IDENTIFIER = com.amr.CITest.CITest;
				PRODUCT_NAME = CITest;
				SDKROOT = iphoneos;
				SWIFT_VERSION = 5.0;
				TARGETED_DEVICE_FAMILY = "1,2";
			};
			name = Debug;
		};
		C594E06C25B868F80035BFEF /* Release */ = {
			isa = XCBuildConfiguration;
			baseConfigurationReference = C4750864D44A0F2B2750D41F /* Pods-CITest (iOS).release.xcconfig */;
			buildSettings = {
				ASSETCATALOG_COMPILER_APPICON_NAME = AppIcon;
				ASSETCATALOG_COMPILER_GLOBAL_ACCENT_COLOR_NAME = AccentColor;
				CODE_SIGN_STYLE = Automatic;
				DEVELOPMENT_TEAM = W43QJ5WHKX;
				ENABLE_PREVIEWS = YES;
				INFOPLIST_FILE = iOS/Info.plist;
				IPHONEOS_DEPLOYMENT_TARGET = 14.0;
				LD_RUNPATH_SEARCH_PATHS = (
					"$(inherited)",
					"@executable_path/Frameworks",
				);
				PRODUCT_BUNDLE_IDENTIFIER = com.amr.CITest.CITest;
				PRODUCT_NAME = CITest;
				SDKROOT = iphoneos;
				SWIFT_VERSION = 5.0;
				TARGETED_DEVICE_FAMILY = "1,2";
				VALIDATE_PRODUCT = YES;
			};
			name = Release;
		};
		C594E06E25B868F80035BFEF /* Debug */ = {
			isa = XCBuildConfiguration;
			baseConfigurationReference = 9BB3553EA20C1EF37F6A7D73 /* Pods-CITest (macOS).debug.xcconfig */;
			buildSettings = {
				ASSETCATALOG_COMPILER_APPICON_NAME = AppIcon;
				ASSETCATALOG_COMPILER_GLOBAL_ACCENT_COLOR_NAME = AccentColor;
				CODE_SIGN_ENTITLEMENTS = macOS/macOS.entitlements;
				CODE_SIGN_STYLE = Automatic;
				COMBINE_HIDPI_IMAGES = YES;
				DEVELOPMENT_TEAM = W43QJ5WHKX;
				ENABLE_HARDENED_RUNTIME = YES;
				ENABLE_PREVIEWS = YES;
				INFOPLIST_FILE = macOS/Info.plist;
				LD_RUNPATH_SEARCH_PATHS = (
					"$(inherited)",
					"@executable_path/../Frameworks",
				);
				MACOSX_DEPLOYMENT_TARGET = 11.0;
				PRODUCT_BUNDLE_IDENTIFIER = com.amr.CITest.CITest;
				PRODUCT_NAME = CITest;
				SDKROOT = macosx;
				SWIFT_VERSION = 5.0;
			};
			name = Debug;
		};
		C594E06F25B868F80035BFEF /* Release */ = {
			isa = XCBuildConfiguration;
			baseConfigurationReference = 443DFD18880D1F16A7AF53F9 /* Pods-CITest (macOS).release.xcconfig */;
			buildSettings = {
				ASSETCATALOG_COMPILER_APPICON_NAME = AppIcon;
				ASSETCATALOG_COMPILER_GLOBAL_ACCENT_COLOR_NAME = AccentColor;
				CODE_SIGN_ENTITLEMENTS = macOS/macOS.entitlements;
				CODE_SIGN_STYLE = Automatic;
				COMBINE_HIDPI_IMAGES = YES;
				DEVELOPMENT_TEAM = W43QJ5WHKX;
				ENABLE_HARDENED_RUNTIME = YES;
				ENABLE_PREVIEWS = YES;
				INFOPLIST_FILE = macOS/Info.plist;
				LD_RUNPATH_SEARCH_PATHS = (
					"$(inherited)",
					"@executable_path/../Frameworks",
				);
				MACOSX_DEPLOYMENT_TARGET = 11.0;
				PRODUCT_BUNDLE_IDENTIFIER = com.amr.CITest.CITest;
				PRODUCT_NAME = CITest;
				SDKROOT = macosx;
				SWIFT_VERSION = 5.0;
			};
			name = Release;
		};
		C594E07125B868F80035BFEF /* Debug */ = {
			isa = XCBuildConfiguration;
			buildSettings = {
				ALWAYS_EMBED_SWIFT_STANDARD_LIBRARIES = YES;
				CODE_SIGN_STYLE = Automatic;
				DEVELOPMENT_TEAM = W43QJ5WHKX;
				INFOPLIST_FILE = "Tests iOS/Info.plist";
				IPHONEOS_DEPLOYMENT_TARGET = 14.3;
				LD_RUNPATH_SEARCH_PATHS = (
					"$(inherited)",
					"@executable_path/Frameworks",
					"@loader_path/Frameworks",
				);
				PRODUCT_BUNDLE_IDENTIFIER = "com.amr.CITest.Tests-iOS";
				PRODUCT_NAME = "$(TARGET_NAME)";
				SDKROOT = iphoneos;
				SWIFT_VERSION = 5.0;
				TARGETED_DEVICE_FAMILY = "1,2";
				TEST_TARGET_NAME = "CITest (iOS)";
			};
			name = Debug;
		};
		C594E07225B868F80035BFEF /* Release */ = {
			isa = XCBuildConfiguration;
			buildSettings = {
				ALWAYS_EMBED_SWIFT_STANDARD_LIBRARIES = YES;
				CODE_SIGN_STYLE = Automatic;
				DEVELOPMENT_TEAM = W43QJ5WHKX;
				INFOPLIST_FILE = "Tests iOS/Info.plist";
				IPHONEOS_DEPLOYMENT_TARGET = 14.3;
				LD_RUNPATH_SEARCH_PATHS = (
					"$(inherited)",
					"@executable_path/Frameworks",
					"@loader_path/Frameworks",
				);
				PRODUCT_BUNDLE_IDENTIFIER = "com.amr.CITest.Tests-iOS";
				PRODUCT_NAME = "$(TARGET_NAME)";
				SDKROOT = iphoneos;
				SWIFT_VERSION = 5.0;
				TARGETED_DEVICE_FAMILY = "1,2";
				TEST_TARGET_NAME = "CITest (iOS)";
				VALIDATE_PRODUCT = YES;
			};
			name = Release;
		};
		C594E07425B868F80035BFEF /* Debug */ = {
			isa = XCBuildConfiguration;
			buildSettings = {
				ALWAYS_EMBED_SWIFT_STANDARD_LIBRARIES = YES;
				CODE_SIGN_STYLE = Automatic;
				COMBINE_HIDPI_IMAGES = YES;
				DEVELOPMENT_TEAM = W43QJ5WHKX;
				INFOPLIST_FILE = "Tests macOS/Info.plist";
				LD_RUNPATH_SEARCH_PATHS = (
					"$(inherited)",
					"@executable_path/../Frameworks",
					"@loader_path/../Frameworks",
				);
				MACOSX_DEPLOYMENT_TARGET = 10.15;
				PRODUCT_BUNDLE_IDENTIFIER = "com.amr.CITest.Tests-macOS";
				PRODUCT_NAME = "$(TARGET_NAME)";
				SDKROOT = macosx;
				SWIFT_VERSION = 5.0;
				TEST_TARGET_NAME = "CITest (macOS)";
			};
			name = Debug;
		};
		C594E07525B868F80035BFEF /* Release */ = {
			isa = XCBuildConfiguration;
			buildSettings = {
				ALWAYS_EMBED_SWIFT_STANDARD_LIBRARIES = YES;
				CODE_SIGN_STYLE = Automatic;
				COMBINE_HIDPI_IMAGES = YES;
				DEVELOPMENT_TEAM = W43QJ5WHKX;
				INFOPLIST_FILE = "Tests macOS/Info.plist";
				LD_RUNPATH_SEARCH_PATHS = (
					"$(inherited)",
					"@executable_path/../Frameworks",
					"@loader_path/../Frameworks",
				);
				MACOSX_DEPLOYMENT_TARGET = 10.15;
				PRODUCT_BUNDLE_IDENTIFIER = "com.amr.CITest.Tests-macOS";
				PRODUCT_NAME = "$(TARGET_NAME)";
				SDKROOT = macosx;
				SWIFT_VERSION = 5.0;
				TEST_TARGET_NAME = "CITest (macOS)";
			};
			name = Release;
		};
/* End XCBuildConfiguration section */

/* Begin XCConfigurationList section */
		C594E03725B868F60035BFEF /* Build configuration list for PBXProject "CITest" */ = {
			isa = XCConfigurationList;
			buildConfigurations = (
				C594E06825B868F80035BFEF /* Debug */,
				C594E06925B868F80035BFEF /* Release */,
			);
			defaultConfigurationIsVisible = 0;
			defaultConfigurationName = Release;
		};
		C594E06A25B868F80035BFEF /* Build configuration list for PBXNativeTarget "CITest (iOS)" */ = {
			isa = XCConfigurationList;
			buildConfigurations = (
				C594E06B25B868F80035BFEF /* Debug */,
				C594E06C25B868F80035BFEF /* Release */,
			);
			defaultConfigurationIsVisible = 0;
			defaultConfigurationName = Release;
		};
		C594E06D25B868F80035BFEF /* Build configuration list for PBXNativeTarget "CITest (macOS)" */ = {
			isa = XCConfigurationList;
			buildConfigurations = (
				C594E06E25B868F80035BFEF /* Debug */,
				C594E06F25B868F80035BFEF /* Release */,
			);
			defaultConfigurationIsVisible = 0;
			defaultConfigurationName = Release;
		};
		C594E07025B868F80035BFEF /* Build configuration list for PBXNativeTarget "Tests iOS" */ = {
			isa = XCConfigurationList;
			buildConfigurations = (
				C594E07125B868F80035BFEF /* Debug */,
				C594E07225B868F80035BFEF /* Release */,
			);
			defaultConfigurationIsVisible = 0;
			defaultConfigurationName = Release;
		};
		C594E07325B868F80035BFEF /* Build configuration list for PBXNativeTarget "Tests macOS" */ = {
			isa = XCConfigurationList;
			buildConfigurations = (
				C594E07425B868F80035BFEF /* Debug */,
				C594E07525B868F80035BFEF /* Release */,
			);
			defaultConfigurationIsVisible = 0;
			defaultConfigurationName = Release;
		};
/* End XCConfigurationList section */
	};
	rootObject = C594E03425B868F60035BFEF /* Project object */;
}
